
Microsoft Visual Studio Solution File, Format Version 12.00
# Visual Studio Version 16
VisualStudioVersion = 16.0.31129.286
MinimumVisualStudioVersion = 10.0.40219.1
Project("{FAE04EC0-301F-11D3-BF4B-00C04F79EFBC}") = "RSS Feed", "src\RssFeed.csproj", "{1F92EC3A-7393-4998-9475-D82A64ACF66E}"
EndProject
Global
	GlobalSection(SolutionConfigurationPlatforms) = preSolution
		Debug|Any CPU = Debug|Any CPU
		Release|Any CPU = Release|Any CPU
	EndGlobalSection
	GlobalSection(ProjectConfigurationPlatforms) = postSolution
		{1F92EC3A-7393-4998-9475-D82A64ACF66E}.Debug|Any CPU.ActiveCfg = Debug|Any CPU
		{1F92EC3A-7393-4998-9475-D82A64ACF66E}.Debug|Any CPU.Build.0 = Debug|Any CPU
		{1F92EC3A-7393-4998-9475-D82A64ACF66E}.Release|Any CPU.ActiveCfg = Release|Any CPU
		{1F92EC3A-7393-4998-9475-D82A64ACF66E}.Release|Any CPU.Build.0 = Release|Any CPU
	EndGlobalSection
	GlobalSection(SolutionProperties) = preSolution
		HideSolutionNode = FALSE
	EndGlobalSection
	GlobalSection(ExtensibilityGlobals) = postSolution
		SolutionGuid = {EF6D2E28-2D8B-4CBC-8461-0D84A47B4B48}
	EndGlobalSection
EndGlobal
